
Microsoft Visual Studio Solution File, Format Version 12.00
# Visual Studio Version 17
VisualStudioVersion = 17.11.35327.3
MinimumVisualStudioVersion = 10.0.40219.1
Project("{9A19103F-16F7-4668-BE54-9A1E7A4F7556}") = "TrackerApp.Web", "TrackerApp.Web\TrackerApp.Web.csproj", "{FF389AB1-131E-4DFD-8A11-B433F91903A1}"
EndProject
Project("{9A19103F-16F7-4668-BE54-9A1E7A4F7556}") = "TrackerApp.Core", "TrackerApp.Core\TrackerApp.Core.csproj", "{8E37B046-28E6-4F17-B10A-2844872BC5EF}"
EndProject
Global
	GlobalSection(SolutionConfigurationPlatforms) = preSolution
		Debug|Any CPU = Debug|Any CPU
		Release|Any CPU = Release|Any CPU
	EndGlobalSection
	GlobalSection(ProjectConfigurationPlatforms) = postSolution
		{FF389AB1-131E-4DFD-8A11-B433F91903A1}.Debug|Any CPU.ActiveCfg = Debug|Any CPU
		{FF389AB1-131E-4DFD-8A11-B433F91903A1}.Debug|Any CPU.Build.0 = Debug|Any CPU
		{FF389AB1-131E-4DFD-8A11-B433F91903A1}.Release|Any CPU.ActiveCfg = Release|Any CPU
		{FF389AB1-131E-4DFD-8A11-B433F91903A1}.Release|Any CPU.Build.0 = Release|Any CPU
		{8E37B046-28E6-4F17-B10A-2844872BC5EF}.Debug|Any CPU.ActiveCfg = Debug|Any CPU
		{8E37B046-28E6-4F17-B10A-2844872BC5EF}.Debug|Any CPU.Build.0 = Debug|Any CPU
		{8E37B046-28E6-4F17-B10A-2844872BC5EF}.Release|Any CPU.ActiveCfg = Release|Any CPU
		{8E37B046-28E6-4F17-B10A-2844872BC5EF}.Release|Any CPU.Build.0 = Release|Any CPU
	EndGlobalSection
	GlobalSection(SolutionProperties) = preSolution
		HideSolutionNode = FALSE
	EndGlobalSection
	GlobalSection(ExtensibilityGlobals) = postSolution
		SolutionGuid = {F8415C22-8E41-4DA0-818B-823285A2B038}
	EndGlobalSection
EndGlobal
